// !$*UTF8*$!
{
	archiveVersion = 1;
	classes = {
	};
	objectVersion = 46;
	objects = {

/* Begin PBXBuildFile section */
		BF8F8B5C1A2764B1008DEDB8 /* main.m in Sources */ = {isa = PBXBuildFile; fileRef = BF8F8B5B1A2764B1008DEDB8 /* main.m */; };
		BF8F8B5F1A2764B1008DEDB8 /* AppDelegate.m in Sources */ = {isa = PBXBuildFile; fileRef = BF8F8B5E1A2764B1008DEDB8 /* AppDelegate.m */; };
		BF8F8B621A2764B1008DEDB8 /* ViewController.m in Sources */ = {isa = PBXBuildFile; fileRef = BF8F8B611A2764B1008DEDB8 /* ViewController.m */; };
		BF8F8B651A2764B1008DEDB8 /* Main.storyboard in Resources */ = {isa = PBXBuildFile; fileRef = BF8F8B631A2764B1008DEDB8 /* Main.storyboard */; };
		BF8F8B671A2764B1008DEDB8 /* Images.xcassets in Resources */ = {isa = PBXBuildFile; fileRef = BF8F8B661A2764B1008DEDB8 /* Images.xcassets */; };
		BF8F8B6A1A2764B1008DEDB8 /* LaunchScreen.xib in Resources */ = {isa = PBXBuildFile; fileRef = BF8F8B681A2764B1008DEDB8 /* LaunchScreen.xib */; };
		BF8F8B761A2764B1008DEDB8 /* githubtestTests.m in Sources */ = {isa = PBXBuildFile; fileRef = BF8F8B751A2764B1008DEDB8 /* githubtestTests.m */; };
/* End PBXBuildFile section */

/* Begin PBXContainerItemProxy section */
		BF8F8B701A2764B1008DEDB8 /* PBXContainerItemProxy */ = {
			isa = PBXContainerItemProxy;
			containerPortal = BF8F8B4E1A2764B1008DEDB8 /* Project object */;
			proxyType = 1;
			remoteGlobalIDString = BF8F8B551A2764B1008DEDB8;
			remoteInfo = githubtest;
		};
/* End PBXContainerItemProxy section */

/* Begin PBXFileReference section */
		BF8F8B561A2764B1008DEDB8 /* githubtest.app */ = {isa = PBXFileReference; explicitFileType = wrapper.application; includeInIndex = 0; path = githubtest.app; sourceTree = BUILT_PRODUCTS_DIR; };
		BF8F8B5A1A2764B1008DEDB8 /* Info.plist */ = {isa = PBXFileReference; lastKnownFileType = text.plist.xml; path = Info.plist; sourceTree = "<group>"; };
		BF8F8B5B1A2764B1008DEDB8 /* main.m */ = {isa = PBXFileReference; lastKnownFileType = sourcecode.c.objc; path = main.m; sourceTree = "<group>"; };
		BF8F8B5D1A2764B1008DEDB8 /* AppDelegate.h */ = {isa = PBXFileReference; lastKnownFileType = sourcecode.c.h; path = AppDelegate.h; sourceTree = "<group>"; };
		BF8F8B5E1A2764B1008DEDB8 /* AppDelegate.m */ = {isa = PBXFileReference; lastKnownFileType = sourcecode.c.objc; path = AppDelegate.m; sourceTree = "<group>"; };
		BF8F8B601A2764B1008DEDB8 /* ViewController.h */ = {isa = PBXFileReference; lastKnownFileType = sourcecode.c.h; path = ViewController.h; sourceTree = "<group>"; };
		BF8F8B611A2764B1008DEDB8 /* ViewController.m */ = {isa = PBXFileReference; lastKnownFileType = sourcecode.c.objc; path = ViewController.m; sourceTree = "<group>"; };
		BF8F8B641A2764B1008DEDB8 /* Base */ = {isa = PBXFileReference; lastKnownFileType = file.storyboard; name = Base; path = Base.lproj/Main.storyboard; sourceTree = "<group>"; };
		BF8F8B661A2764B1008DEDB8 /* Images.xcassets */ = {isa = PBXFileReference; lastKnownFileType = folder.assetcatalog; path = Images.xcassets; sourceTree = "<group>"; };
		BF8F8B691A2764B1008DEDB8 /* Base */ = {isa = PBXFileReference; lastKnownFileType = file.xib; name = Base; path = Base.lproj/LaunchScreen.xib; sourceTree = "<group>"; };
		BF8F8B6F1A2764B1008DEDB8 /* githubtestTests.xctest */ = {isa = PBXFileReference; explicitFileType = wrapper.cfbundle; includeInIndex = 0; path = githubtestTests.xctest; sourceTree = BUILT_PRODUCTS_DIR; };
		BF8F8B741A2764B1008DEDB8 /* Info.plist */ = {isa = PBXFileReference; lastKnownFileType = text.plist.xml; path = Info.plist; sourceTree = "<group>"; };
		BF8F8B751A2764B1008DEDB8 /* githubtestTests.m */ = {isa = PBXFileReference; lastKnownFileType = sourcecode.c.objc; path = githubtestTests.m; sourceTree = "<group>"; };
/* End PBXFileReference section */

/* Begin PBXFrameworksBuildPhase section */
		BF8F8B531A2764B1008DEDB8 /* Frameworks */ = {
			isa = PBXFrameworksBuildPhase;
			buildActionMask = 2147483647;
			files = (
			);
			runOnlyForDeploymentPostprocessing = 0;
		};
		BF8F8B6C1A2764B1008DEDB8 /* Frameworks */ = {
			isa = PBXFrameworksBuildPhase;
			buildActionMask = 2147483647;
			files = (
			);
			runOnlyForDeploymentPostprocessing = 0;
		};
/* End PBXFrameworksBuildPhase section */

/* Begin PBXGroup section */
		BF8F8B4D1A2764B1008DEDB8 = {
			isa = PBXGroup;
			children = (
				BF8F8B581A2764B1008DEDB8 /* githubtest */,
				BF8F8B721A2764B1008DEDB8 /* githubtestTests */,
				BF8F8B571A2764B1008DEDB8 /* Products */,
			);
			sourceTree = "<group>";
		};
		BF8F8B571A2764B1008DEDB8 /* Products */ = {
			isa = PBXGroup;
			children = (
				BF8F8B561A2764B1008DEDB8 /* githubtest.app */,
				BF8F8B6F1A2764B1008DEDB8 /* githubtestTests.xctest */,
			);
			name = Products;
			sourceTree = "<group>";
		};
		BF8F8B581A2764B1008DEDB8 /* githubtest */ = {
			isa = PBXGroup;
			children = (
				BF8F8B5D1A2764B1008DEDB8 /* AppDelegate.h */,
				BF8F8B5E1A2764B1008DEDB8 /* AppDelegate.m */,
				BF8F8B601A2764B1008DEDB8 /* ViewController.h */,
				BF8F8B611A2764B1008DEDB8 /* ViewController.m */,
				BF8F8B631A2764B1008DEDB8 /* Main.storyboard */,
				BF8F8B661A2764B1008DEDB8 /* Images.xcassets */,
				BF8F8B681A2764B1008DEDB8 /* LaunchScreen.xib */,
				BF8F8B591A2764B1008DEDB8 /* Supporting Files */,
			);
			path = githubtest;
			sourceTree = "<group>";
		};
		BF8F8B591A2764B1008DEDB8 /* Supporting Files */ = {
			isa = PBXGroup;
			children = (
				BF8F8B5A1A2764B1008DEDB8 /* Info.plist */,
				BF8F8B5B1A2764B1008DEDB8 /* main.m */,
			);
			name = "Supporting Files";
			sourceTree = "<group>";
		};
		BF8F8B721A2764B1008DEDB8 /* githubtestTests */ = {
			isa = PBXGroup;
			children = (
				BF8F8B751A2764B1008DEDB8 /* githubtestTests.m */,
				BF8F8B731A2764B1008DEDB8 /* Supporting Files */,
			);
			path = githubtestTests;
			sourceTree = "<group>";
		};
		BF8F8B731A2764B1008DEDB8 /* Supporting Files */ = {
			isa = PBXGroup;
			children = (
				BF8F8B741A2764B1008DEDB8 /* Info.plist */,
			);
			name = "Supporting Files";
			sourceTree = "<group>";
		};
/* End PBXGroup section */

/* Begin PBXNativeTarget section */
		BF8F8B551A2764B1008DEDB8 /* githubtest */ = {
			isa = PBXNativeTarget;
			buildConfigurationList = BF8F8B791A2764B1008DEDB8 /* Build configuration list for PBXNativeTarget "githubtest" */;
			buildPhases = (
				BF8F8B521A2764B1008DEDB8 /* Sources */,
				BF8F8B531A2764B1008DEDB8 /* Frameworks */,
				BF8F8B541A2764B1008DEDB8 /* Resources */,
			);
			buildRules = (
			);
			dependencies = (
			);
			name = githubtest;
			productName = githubtest;
			productReference = BF8F8B561A2764B1008DEDB8 /* githubtest.app */;
			productType = "com.apple.product-type.application";
		};
		BF8F8B6E1A2764B1008DEDB8 /* githubtestTests */ = {
			isa = PBXNativeTarget;
			buildConfigurationList = BF8F8B7C1A2764B1008DEDB8 /* Build configuration list for PBXNativeTarget "githubtestTests" */;
			buildPhases = (
				BF8F8B6B1A2764B1008DEDB8 /* Sources */,
				BF8F8B6C1A2764B1008DEDB8 /* Frameworks */,
				BF8F8B6D1A2764B1008DEDB8 /* Resources */,
			);
			buildRules = (
			);
			dependencies = (
				BF8F8B711A2764B1008DEDB8 /* PBXTargetDependency */,
			);
			name = githubtestTests;
			productName = githubtestTests;
			productReference = BF8F8B6F1A2764B1008DEDB8 /* githubtestTests.xctest */;
			productType = "com.apple.product-type.bundle.unit-test";
		};
/* End PBXNativeTarget section */

/* Begin PBXProject section */
		BF8F8B4E1A2764B1008DEDB8 /* Project object */ = {
			isa = PBXProject;
			attributes = {
				LastUpgradeCheck = 0610;
				ORGANIZATIONNAME = "Jun Oura";
				TargetAttributes = {
					BF8F8B551A2764B1008DEDB8 = {
						CreatedOnToolsVersion = 6.1;
					};
					BF8F8B6E1A2764B1008DEDB8 = {
						CreatedOnToolsVersion = 6.1;
						TestTargetID = BF8F8B551A2764B1008DEDB8;
					};
				};
			};
			buildConfigurationList = BF8F8B511A2764B1008DEDB8 /* Build configuration list for PBXProject "githubtest" */;
			compatibilityVersion = "Xcode 3.2";
			developmentRegion = English;
			hasScannedForEncodings = 0;
			knownRegions = (
				en,
				Base,
			);
			mainGroup = BF8F8B4D1A2764B1008DEDB8;
			productRefGroup = BF8F8B571A2764B1008DEDB8 /* Products */;
			projectDirPath = "";
			projectRoot = "";
			targets = (
				BF8F8B551A2764B1008DEDB8 /* githubtest */,
				BF8F8B6E1A2764B1008DEDB8 /* githubtestTests */,
			);
		};
/* End PBXProject section */

/* Begin PBXResourcesBuildPhase section */
		BF8F8B541A2764B1008DEDB8 /* Resources */ = {
			isa = PBXResourcesBuildPhase;
			buildActionMask = 2147483647;
			files = (
				BF8F8B651A2764B1008DEDB8 /* Main.storyboard in Resources */,
				BF8F8B6A1A2764B1008DEDB8 /* LaunchScreen.xib in Resources */,
				BF8F8B671A2764B1008DEDB8 /* Images.xcassets in Resources */,
			);
			runOnlyForDeploymentPostprocessing = 0;
		};
		BF8F8B6D1A2764B1008DEDB8 /* Resources */ = {
			isa = PBXResourcesBuildPhase;
			buildActionMask = 2147483647;
			files = (
			);
			runOnlyForDeploymentPostprocessing = 0;
		};
/* End PBXResourcesBuildPhase section */

/* Begin PBXSourcesBuildPhase section */
		BF8F8B521A2764B1008DEDB8 /* Sources */ = {
			isa = PBXSourcesBuildPhase;
			buildActionMask = 2147483647;
			files = (
				BF8F8B621A2764B1008DEDB8 /* ViewController.m in Sources */,
				BF8F8B5F1A2764B1008DEDB8 /* AppDelegate.m in Sources */,
				BF8F8B5C1A2764B1008DEDB8 /* main.m in Sources */,
			);
			runOnlyForDeploymentPostprocessing = 0;
		};
		BF8F8B6B1A2764B1008DEDB8 /* Sources */ = {
			isa = PBXSourcesBuildPhase;
			buildActionMask = 2147483647;
			files = (
				BF8F8B761A2764B1008DEDB8 /* githubtestTests.m in Sources */,
			);
			runOnlyForDeploymentPostprocessing = 0;
		};
/* End PBXSourcesBuildPhase section */

/* Begin PBXTargetDependency section */
		BF8F8B711A2764B1008DEDB8 /* PBXTargetDependency */ = {
			isa = PBXTargetDependency;
			target = BF8F8B551A2764B1008DEDB8 /* githubtest */;
			targetProxy = BF8F8B701A2764B1008DEDB8 /* PBXContainerItemProxy */;
		};
/* End PBXTargetDependency section */

/* Begin PBXVariantGroup section */
		BF8F8B631A2764B1008DEDB8 /* Main.storyboard */ = {
			isa = PBXVariantGroup;
			children = (
				BF8F8B641A2764B1008DEDB8 /* Base */,
			);
			name = Main.storyboard;
			sourceTree = "<group>";
		};
		BF8F8B681A2764B1008DEDB8 /* LaunchScreen.xib */ = {
			isa = PBXVariantGroup;
			children = (
				BF8F8B691A2764B1008DEDB8 /* Base */,
			);
			name = LaunchScreen.xib;
			sourceTree = "<group>";
		};
/* End PBXVariantGroup section */

/* Begin XCBuildConfiguration section */
		BF8F8B771A2764B1008DEDB8 /* Debug */ = {
			isa = XCBuildConfiguration;
			buildSettings = {
				ALWAYS_SEARCH_USER_PATHS = NO;
				CLANG_CXX_LANGUAGE_STANDARD = "gnu++0x";
				CLANG_CXX_LIBRARY = "libc++";
				CLANG_ENABLE_MODULES = YES;
				CLANG_ENABLE_OBJC_ARC = YES;
				CLANG_WARN_BOOL_CONVERSION = YES;
				CLANG_WARN_CONSTANT_CONVERSION = YES;
				CLANG_WARN_DIRECT_OBJC_ISA_USAGE = YES_ERROR;
				CLANG_WARN_EMPTY_BODY = YES;
				CLANG_WARN_ENUM_CONVERSION = YES;
				CLANG_WARN_INT_CONVERSION = YES;
				CLANG_WARN_OBJC_ROOT_CLASS = YES_ERROR;
				CLANG_WARN_UNREACHABLE_CODE = YES;
				CLANG_WARN__DUPLICATE_METHOD_MATCH = YES;
				"CODE_SIGN_IDENTITY[sdk=iphoneos*]" = "iPhone Developer";
				COPY_PHASE_STRIP = NO;
				ENABLE_STRICT_OBJC_MSGSEND = YES;
				GCC_C_LANGUAGE_STANDARD = gnu99;
				GCC_DYNAMIC_NO_PIC = NO;
				GCC_OPTIMIZATION_LEVEL = 0;
				GCC_PREPROCESSOR_DEFINITIONS = (
					"DEBUG=1",
					"$(inherited)",
				);
				GCC_SYMBOLS_PRIVATE_EXTERN = NO;
				GCC_WARN_64_TO_32_BIT_CONVERSION = YES;
				GCC_WARN_ABOUT_RETURN_TYPE = YES_ERROR;
				GCC_WARN_UNDECLARED_SELECTOR = YES;
				GCC_WARN_UNINITIALIZED_AUTOS = YES_AGGRESSIVE;
				GCC_WARN_UNUSED_FUNCTION = YES;
				GCC_WARN_UNUSED_VARIABLE = YES;
				IPHONEOS_DEPLOYMENT_TARGET = 8.1;
				MTL_ENABLE_DEBUG_INFO = YES;
				ONLY_ACTIVE_ARCH = YES;
				SDKROOT = iphoneos;
				TARGETED_DEVICE_FAMILY = "1,2";
			};
			name = Debug;
		};
		BF8F8B781A2764B1008DEDB8 /* Release */ = {
			isa = XCBuildConfiguration;
			buildSettings = {
				ALWAYS_SEARCH_USER_PATHS = NO;
				CLANG_CXX_LANGUAGE_STANDARD = "gnu++0x";
				CLANG_CXX_LIBRARY = "libc++";
				CLANG_ENABLE_MODULES = YES;
				CLANG_ENABLE_OBJC_ARC = YES;
				CLANG_WARN_BOOL_CONVERSION = YES;
				CLANG_WARN_CONSTANT_CONVERSION = YES;
				CLANG_WARN_DIRECT_OBJC_ISA_USAGE = YES_ERROR;
				CLANG_WARN_EMPTY_BODY = YES;
				CLANG_WARN_ENUM_CONVERSION = YES;
				CLANG_WARN_INT_CONVERSION = YES;
				CLANG_WARN_OBJC_ROOT_CLASS = YES_ERROR;
				CLANG_WARN_UNREACHABLE_CODE = YES;
				CLANG_WARN__DUPLICATE_METHOD_MATCH = YES;
				"CODE_SIGN_IDENTITY[sdk=iphoneos*]" = "iPhone Developer";
				COPY_PHASE_STRIP = YES;
				ENABLE_NS_ASSERTIONS = NO;
				ENABLE_STRICT_OBJC_MSGSEND = YES;
				GCC_C_LANGUAGE_STANDARD = gnu99;
				GCC_WARN_64_TO_32_BIT_CONVERSION = YES;
				GCC_WARN_ABOUT_RETURN_TYPE = YES_ERROR;
				GCC_WARN_UNDECLARED_SELECTOR = YES;
				GCC_WARN_UNINITIALIZED_AUTOS = YES_AGGRESSIVE;
				GCC_WARN_UNUSED_FUNCTION = YES;
				GCC_WARN_UNUSED_VARIABLE = YES;
				IPHONEOS_DEPLOYMENT_TARGET = 8.1;
				MTL_ENABLE_DEBUG_INFO = NO;
				SDKROOT = iphoneos;
				TARGETED_DEVICE_FAMILY = "1,2";
				VALIDATE_PRODUCT = YES;
			};
			name = Release;
		};
		BF8F8B7A1A2764B1008DEDB8 /* Debug */ = {
			isa = XCBuildConfiguration;
			buildSettings = {
				ASSETCATALOG_COMPILER_APPICON_NAME = AppIcon;
				INFOPLIST_FILE = githubtest/Info.plist;
				LD_RUNPATH_SEARCH_PATHS = "$(inherited) @executable_path/Frameworks";
				PRODUCT_NAME = "$(TARGET_NAME)";
			};
			name = Debug;
		};
		BF8F8B7B1A2764B1008DEDB8 /* Release */ = {
			isa = XCBuildConfiguration;
			buildSettings = {
				ASSETCATALOG_COMPILER_APPICON_NAME = AppIcon;
				INFOPLIST_FILE = githubtest/Info.plist;
				LD_RUNPATH_SEARCH_PATHS = "$(inherited) @executable_path/Frameworks";
				PRODUCT_NAME = "$(TARGET_NAME)";
			};
			name = Release;
		};
		BF8F8B7D1A2764B1008DEDB8 /* Debug */ = {
			isa = XCBuildConfiguration;
			buildSettings = {
				BUNDLE_LOADER = "$(TEST_HOST)";
				FRAMEWORK_SEARCH_PATHS = (
					"$(SDKROOT)/Developer/Library/Frameworks",
					"$(inherited)",
				);
				GCC_PREPROCESSOR_DEFINITIONS = (
					"DEBUG=1",
					"$(inherited)",
				);
				INFOPLIST_FILE = githubtestTests/Info.plist;
				LD_RUNPATH_SEARCH_PATHS = "$(inherited) @executable_path/Frameworks @loader_path/Frameworks";
				PRODUCT_NAME = "$(TARGET_NAME)";
				TEST_HOST = "$(BUILT_PRODUCTS_DIR)/githubtest.app/githubtest";
			};
			name = Debug;
		};
		BF8F8B7E1A2764B1008DEDB8 /* Release */ = {
			isa = XCBuildConfiguration;
			buildSettings = {
				BUNDLE_LOADER = "$(TEST_HOST)";
				FRAMEWORK_SEARCH_PATHS = (
					"$(SDKROOT)/Developer/Library/Frameworks",
					"$(inherited)",
				);
				INFOPLIST_FILE = githubtestTests/Info.plist;
				LD_RUNPATH_SEARCH_PATHS = "$(inherited) @executable_path/Frameworks @loader_path/Frameworks";
				PRODUCT_NAME = "$(TARGET_NAME)";
				TEST_HOST = "$(BUILT_PRODUCTS_DIR)/githubtest.app/githubtest";
			};
			name = Release;
		};
/* End XCBuildConfiguration section */

/* Begin XCConfigurationList section */
		BF8F8B511A2764B1008DEDB8 /* Build configuration list for PBXProject "githubtest" */ = {
			isa = XCConfigurationList;
			buildConfigurations = (
				BF8F8B771A2764B1008DEDB8 /* Debug */,
				BF8F8B781A2764B1008DEDB8 /* Release */,
			);
			defaultConfigurationIsVisible = 0;
			defaultConfigurationName = Release;
		};
		BF8F8B791A2764B1008DEDB8 /* Build configuration list for PBXNativeTarget "githubtest" */ = {
			isa = XCConfigurationList;
			buildConfigurations = (
				BF8F8B7A1A2764B1008DEDB8 /* Debug */,
				BF8F8B7B1A2764B1008DEDB8 /* Release */,
			);
			defaultConfigurationIsVisible = 0;
		};
		BF8F8B7C1A2764B1008DEDB8 /* Build configuration list for PBXNativeTarget "githubtestTests" */ = {
			isa = XCConfigurationList;
			buildConfigurations = (
				BF8F8B7D1A2764B1008DEDB8 /* Debug */,
				BF8F8B7E1A2764B1008DEDB8 /* Release */,
			);
			defaultConfigurationIsVisible = 0;
		};
/* End XCConfigurationList section */
	};
	rootObject = BF8F8B4E1A2764B1008DEDB8 /* Project object */;
}
